// !$*UTF8*$!
{
	archiveVersion = 1;
	classes = {
	};
	objectVersion = 50;
	objects = {

/* Begin PBXBuildFile section */
		6913D43425D245410048F879 /* 05.usdz in Resources */ = {isa = PBXBuildFile; fileRef = 6913D43125D245410048F879 /* 05.usdz */; };
		6913D43925D246520048F879 /* 08.usdz in Resources */ = {isa = PBXBuildFile; fileRef = 6913D43725D246520048F879 /* 08.usdz */; };
		692C0FC825D21361007DB906 /* AppDelegate.swift in Sources */ = {isa = PBXBuildFile; fileRef = 692C0FC725D21361007DB906 /* AppDelegate.swift */; };
		692C0FCA25D21361007DB906 /* ViewController.swift in Sources */ = {isa = PBXBuildFile; fileRef = 692C0FC925D21361007DB906 /* ViewController.swift */; };
		692C0FCF25D21361007DB906 /* Main.storyboard in Resources */ = {isa = PBXBuildFile; fileRef = 692C0FCD25D21361007DB906 /* Main.storyboard */; };
		692C0FD125D21363007DB906 /* Assets.xcassets in Resources */ = {isa = PBXBuildFile; fileRef = 692C0FD025D21363007DB906 /* Assets.xcassets */; };
		692C0FD425D21363007DB906 /* LaunchScreen.storyboard in Resources */ = {isa = PBXBuildFile; fileRef = 692C0FD225D21363007DB906 /* LaunchScreen.storyboard */; };
		692C0FEA25D23439007DB906 /* 03.usdz in Resources */ = {isa = PBXBuildFile; fileRef = 692C0FE425D23438007DB906 /* 03.usdz */; };
/* End PBXBuildFile section */

/* Begin PBXFileReference section */
		6913D43125D245410048F879 /* 05.usdz */ = {isa = PBXFileReference; lastKnownFileType = file.usdz; name = 05.usdz; path = ../../../../Downloads/05.usdz; sourceTree = "<group>"; };
		6913D43725D246520048F879 /* 08.usdz */ = {isa = PBXFileReference; lastKnownFileType = file.usdz; name = 08.usdz; path = ../../../../Downloads/08.usdz; sourceTree = "<group>"; };
		692C0FC425D21361007DB906 /* ARGame.app */ = {isa = PBXFileReference; explicitFileType = wrapper.application; includeInIndex = 0; path = ARGame.app; sourceTree = BUILT_PRODUCTS_DIR; };
		692C0FC725D21361007DB906 /* AppDelegate.swift */ = {isa = PBXFileReference; lastKnownFileType = sourcecode.swift; path = AppDelegate.swift; sourceTree = "<group>"; };
		692C0FC925D21361007DB906 /* ViewController.swift */ = {isa = PBXFileReference; lastKnownFileType = sourcecode.swift; path = ViewController.swift; sourceTree = "<group>"; };
		692C0FCE25D21361007DB906 /* Base */ = {isa = PBXFileReference; lastKnownFileType = file.storyboard; name = Base; path = Base.lproj/Main.storyboard; sourceTree = "<group>"; };
		692C0FD025D21363007DB906 /* Assets.xcassets */ = {isa = PBXFileReference; lastKnownFileType = folder.assetcatalog; path = Assets.xcassets; sourceTree = "<group>"; };
		692C0FD325D21363007DB906 /* Base */ = {isa = PBXFileReference; lastKnownFileType = file.storyboard; name = Base; path = Base.lproj/LaunchScreen.storyboard; sourceTree = "<group>"; };
		692C0FD525D21363007DB906 /* Info.plist */ = {isa = PBXFileReference; lastKnownFileType = text.plist.xml; path = Info.plist; sourceTree = "<group>"; };
		692C0FE425D23438007DB906 /* 03.usdz */ = {isa = PBXFileReference; lastKnownFileType = file.usdz; path = 03.usdz; sourceTree = "<group>"; };
/* End PBXFileReference section */

/* Begin PBXFrameworksBuildPhase section */
		692C0FC125D21360007DB906 /* Frameworks */ = {
			isa = PBXFrameworksBuildPhase;
			buildActionMask = 2147483647;
			files = (
			);
			runOnlyForDeploymentPostprocessing = 0;
		};
/* End PBXFrameworksBuildPhase section */

/* Begin PBXGroup section */
		692C0FBB25D21360007DB906 = {
			isa = PBXGroup;
			children = (
				692C0FC625D21361007DB906 /* ARGame */,
				692C0FC525D21361007DB906 /* Products */,
			);
			sourceTree = "<group>";
		};
		692C0FC525D21361007DB906 /* Products */ = {
			isa = PBXGroup;
			children = (
				692C0FC425D21361007DB906 /* ARGame.app */,
			);
			name = Products;
			sourceTree = "<group>";
		};
		692C0FC625D21361007DB906 /* ARGame */ = {
			isa = PBXGroup;
			children = (
				692C0FC725D21361007DB906 /* AppDelegate.swift */,
				692C0FC925D21361007DB906 /* ViewController.swift */,
				692C0FCD25D21361007DB906 /* Main.storyboard */,
				692C0FE425D23438007DB906 /* 03.usdz */,
				6913D43125D245410048F879 /* 05.usdz */,
				6913D43725D246520048F879 /* 08.usdz */,
				692C0FD025D21363007DB906 /* Assets.xcassets */,
				692C0FD225D21363007DB906 /* LaunchScreen.storyboard */,
				692C0FD525D21363007DB906 /* Info.plist */,
			);
			path = ARGame;
			sourceTree = "<group>";
		};
/* End PBXGroup section */

/* Begin PBXNativeTarget section */
		692C0FC325D21360007DB906 /* ARGame */ = {
			isa = PBXNativeTarget;
			buildConfigurationList = 692C0FD825D21363007DB906 /* Build configuration list for PBXNativeTarget "ARGame" */;
			buildPhases = (
				692C0FC025D21360007DB906 /* Sources */,
				692C0FC125D21360007DB906 /* Frameworks */,
				692C0FC225D21360007DB906 /* Resources */,
			);
			buildRules = (
			);
			dependencies = (
			);
			name = ARGame;
			productName = ARGame;
			productReference = 692C0FC425D21361007DB906 /* ARGame.app */;
			productType = "com.apple.product-type.application";
		};
/* End PBXNativeTarget section */

/* Begin PBXProject section */
		692C0FBC25D21360007DB906 /* Project object */ = {
			isa = PBXProject;
			attributes = {
				LastSwiftUpdateCheck = 1220;
				LastUpgradeCheck = 1220;
				TargetAttributes = {
					692C0FC325D21360007DB906 = {
						CreatedOnToolsVersion = 12.2;
					};
				};
			};
			buildConfigurationList = 692C0FBF25D21360007DB906 /* Build configuration list for PBXProject "ARGame" */;
			compatibilityVersion = "Xcode 9.3";
			developmentRegion = en;
			hasScannedForEncodings = 0;
			knownRegions = (
				en,
				Base,
			);
			mainGroup = 692C0FBB25D21360007DB906;
			productRefGroup = 692C0FC525D21361007DB906 /* Products */;
			projectDirPath = "";
			projectRoot = "";
			targets = (
				692C0FC325D21360007DB906 /* ARGame */,
			);
		};
/* End PBXProject section */

/* Begin PBXResourcesBuildPhase section */
		692C0FC225D21360007DB906 /* Resources */ = {
			isa = PBXResourcesBuildPhase;
			buildActionMask = 2147483647;
			files = (
				692C0FD425D21363007DB906 /* LaunchScreen.storyboard in Resources */,
				6913D43425D245410048F879 /* 05.usdz in Resources */,
				6913D43925D246520048F879 /* 08.usdz in Resources */,
				692C0FD125D21363007DB906 /* Assets.xcassets in Resources */,
				692C0FEA25D23439007DB906 /* 03.usdz in Resources */,
				692C0FCF25D21361007DB906 /* Main.storyboard in Resources */,
			);
			runOnlyForDeploymentPostprocessing = 0;
		};
/* End PBXResourcesBuildPhase section */

/* Begin PBXSourcesBuildPhase section */
		692C0FC025D21360007DB906 /* Sources */ = {
			isa = PBXSourcesBuildPhase;
			buildActionMask = 2147483647;
			files = (
				692C0FCA25D21361007DB906 /* ViewController.swift in Sources */,
				692C0FC825D21361007DB906 /* AppDelegate.swift in Sources */,
			);
			runOnlyForDeploymentPostprocessing = 0;
		};
/* End PBXSourcesBuildPhase section */

/* Begin PBXVariantGroup section */
		692C0FCD25D21361007DB906 /* Main.storyboard */ = {
			isa = PBXVariantGroup;
			children = (
				692C0FCE25D21361007DB906 /* Base */,
			);
			name = Main.storyboard;
			sourceTree = "<group>";
		};
		692C0FD225D21363007DB906 /* LaunchScreen.storyboard */ = {
			isa = PBXVariantGroup;
			children = (
				692C0FD325D21363007DB906 /* Base */,
			);
			name = LaunchScreen.storyboard;
			sourceTree = "<group>";
		};
/* End PBXVariantGroup section */

/* Begin XCBuildConfiguration section */
		692C0FD625D21363007DB906 /* Debug */ = {
			isa = XCBuildConfiguration;
			buildSettings = {
				ALWAYS_SEARCH_USER_PATHS = NO;
				CLANG_ANALYZER_NONNULL = YES;
				CLANG_ANALYZER_NUMBER_OBJECT_CONVERSION = YES_AGGRESSIVE;
				CLANG_CXX_LANGUAGE_STANDARD = "gnu++14";
				CLANG_CXX_LIBRARY = "libc++";
				CLANG_ENABLE_MODULES = YES;
				CLANG_ENABLE_OBJC_ARC = YES;
				CLANG_ENABLE_OBJC_WEAK = YES;
				CLANG_WARN_BLOCK_CAPTURE_AUTORELEASING = YES;
				CLANG_WARN_BOOL_CONVERSION = YES;
				CLANG_WARN_COMMA = YES;
				CLANG_WARN_CONSTANT_CONVERSION = YES;
				CLANG_WARN_DEPRECATED_OBJC_IMPLEMENTATIONS = YES;
				CLANG_WARN_DIRECT_OBJC_ISA_USAGE = YES_ERROR;
				CLANG_WARN_DOCUMENTATION_COMMENTS = YES;
				CLANG_WARN_EMPTY_BODY = YES;
				CLANG_WARN_ENUM_CONVERSION = YES;
				CLANG_WARN_INFINITE_RECURSION = YES;
				CLANG_WARN_INT_CONVERSION = YES;
				CLANG_WARN_NON_LITERAL_NULL_CONVERSION = YES;
				CLANG_WARN_OBJC_IMPLICIT_RETAIN_SELF = YES;
				CLANG_WARN_OBJC_LITERAL_CONVERSION = YES;
				CLANG_WARN_OBJC_ROOT_CLASS = YES_ERROR;
				CLANG_WARN_QUOTED_INCLUDE_IN_FRAMEWORK_HEADER = YES;
				CLANG_WARN_RANGE_LOOP_ANALYSIS = YES;
				CLANG_WARN_STRICT_PROTOTYPES = YES;
				CLANG_WARN_SUSPICIOUS_MOVE = YES;
				CLANG_WARN_UNGUARDED_AVAILABILITY = YES_AGGRESSIVE;
				CLANG_WARN_UNREACHABLE_CODE = YES;
				CLANG_WARN__DUPLICATE_METHOD_MATCH = YES;
				COPY_PHASE_STRIP = NO;
				DEBUG_INFORMATION_FORMAT = dwarf;
				ENABLE_STRICT_OBJC_MSGSEND = YES;
				ENABLE_TESTABILITY = YES;
				GCC_C_LANGUAGE_STANDARD = gnu11;
				GCC_DYNAMIC_NO_PIC = NO;
				GCC_NO_COMMON_BLOCKS = YES;
				GCC_OPTIMIZATION_LEVEL = 0;
				GCC_PREPROCESSOR_DEFINITIONS = (
					"DEBUG=1",
					"$(inherited)",
				);
				GCC_WARN_64_TO_32_BIT_CONVERSION = YES;
				GCC_WARN_ABOUT_RETURN_TYPE = YES_ERROR;
				GCC_WARN_UNDECLARED_SELECTOR = YES;
				GCC_WARN_UNINITIALIZED_AUTOS = YES_AGGRESSIVE;
				GCC_WARN_UNUSED_FUNCTION = YES;
				GCC_WARN_UNUSED_VARIABLE = YES;
				IPHONEOS_DEPLOYMENT_TARGET = 14.2;
				MTL_ENABLE_DEBUG_INFO = INCLUDE_SOURCE;
				MTL_FAST_MATH = YES;
				ONLY_ACTIVE_ARCH = YES;
				SDKROOT = iphoneos;
				SWIFT_ACTIVE_COMPILATION_CONDITIONS = DEBUG;
				SWIFT_OPTIMIZATION_LEVEL = "-Onone";
			};
			name = Debug;
		};
		692C0FD725D21363007DB906 /* Release */ = {
			isa = XCBuildConfiguration;
			buildSettings = {
				ALWAYS_SEARCH_USER_PATHS = NO;
				CLANG_ANALYZER_NONNULL = YES;
				CLANG_ANALYZER_NUMBER_OBJECT_CONVERSION = YES_AGGRESSIVE;
				CLANG_CXX_LANGUAGE_STANDARD = "gnu++14";
				CLANG_CXX_LIBRARY = "libc++";
				CLANG_ENABLE_MODULES = YES;
				CLANG_ENABLE_OBJC_ARC = YES;
				CLANG_ENABLE_OBJC_WEAK = YES;
				CLANG_WARN_BLOCK_CAPTURE_AUTORELEASING = YES;
				CLANG_WARN_BOOL_CONVERSION = YES;
				CLANG_WARN_COMMA = YES;
				CLANG_WARN_CONSTANT_CONVERSION = YES;
				CLANG_WARN_DEPRECATED_OBJC_IMPLEMENTATIONS = YES;
				CLANG_WARN_DIRECT_OBJC_ISA_USAGE = YES_ERROR;
				CLANG_WARN_DOCUMENTATION_COMMENTS = YES;
				CLANG_WARN_EMPTY_BODY = YES;
				CLANG_WARN_ENUM_CONVERSION = YES;
				CLANG_WARN_INFINITE_RECURSION = YES;
				CLANG_WARN_INT_CONVERSION = YES;
				CLANG_WARN_NON_LITERAL_NULL_CONVERSION = YES;
				CLANG_WARN_OBJC_IMPLICIT_RETAIN_SELF = YES;
				CLANG_WARN_OBJC_LITERAL_CONVERSION = YES;
				CLANG_WARN_OBJC_ROOT_CLASS = YES_ERROR;
				CLANG_WARN_QUOTED_INCLUDE_IN_FRAMEWORK_HEADER = YES;
				CLANG_WARN_RANGE_LOOP_ANALYSIS = YES;
				CLANG_WARN_STRICT_PROTOTYPES = YES;
				CLANG_WARN_SUSPICIOUS_MOVE = YES;
				CLANG_WARN_UNGUARDED_AVAILABILITY = YES_AGGRESSIVE;
				CLANG_WARN_UNREACHABLE_CODE = YES;
				CLANG_WARN__DUPLICATE_METHOD_MATCH = YES;
				COPY_PHASE_STRIP = NO;
				DEBUG_INFORMATION_FORMAT = "dwarf-with-dsym";
				ENABLE_NS_ASSERTIONS = NO;
				ENABLE_STRICT_OBJC_MSGSEND = YES;
				GCC_C_LANGUAGE_STANDARD = gnu11;
				GCC_NO_COMMON_BLOCKS = YES;
				GCC_WARN_64_TO_32_BIT_CONVERSION = YES;
				GCC_WARN_ABOUT_RETURN_TYPE = YES_ERROR;
				GCC_WARN_UNDECLARED_SELECTOR = YES;
				GCC_WARN_UNINITIALIZED_AUTOS = YES_AGGRESSIVE;
				GCC_WARN_UNUSED_FUNCTION = YES;
				GCC_WARN_UNUSED_VARIABLE = YES;
				IPHONEOS_DEPLOYMENT_TARGET = 14.2;
				MTL_ENABLE_DEBUG_INFO = NO;
				MTL_FAST_MATH = YES;
				SDKROOT = iphoneos;
				SWIFT_COMPILATION_MODE = wholemodule;
				SWIFT_OPTIMIZATION_LEVEL = "-O";
				VALIDATE_PRODUCT = YES;
			};
			name = Release;
		};
		692C0FD925D21363007DB906 /* Debug */ = {
			isa = XCBuildConfiguration;
			buildSettings = {
				ASSETCATALOG_COMPILER_APPICON_NAME = AppIcon;
				ASSETCATALOG_COMPILER_GLOBAL_ACCENT_COLOR_NAME = AccentColor;
				CODE_SIGN_STYLE = Automatic;
				DEVELOPMENT_TEAM = 7W7DFLJRWV;
				INFOPLIST_FILE = ARGame/Info.plist;
				LD_RUNPATH_SEARCH_PATHS = (
					"$(inherited)",
					"@executable_path/Frameworks",
				);
				PRODUCT_BUNDLE_IDENTIFIER = com.AugmentedReality.ARGame;
				PRODUCT_NAME = "$(TARGET_NAME)";
				SWIFT_VERSION = 5.0;
				TARGETED_DEVICE_FAMILY = "1,2";
			};
			name = Debug;
		};
		692C0FDA25D21363007DB906 /* Release */ = {
			isa = XCBuildConfiguration;
			buildSettings = {
				ASSETCATALOG_COMPILER_APPICON_NAME = AppIcon;
				ASSETCATALOG_COMPILER_GLOBAL_ACCENT_COLOR_NAME = AccentColor;
				CODE_SIGN_STYLE = Automatic;
				DEVELOPMENT_TEAM = 7W7DFLJRWV;
				INFOPLIST_FILE = ARGame/Info.plist;
				LD_RUNPATH_SEARCH_PATHS = (
					"$(inherited)",
					"@executable_path/Frameworks",
				);
				PRODUCT_BUNDLE_IDENTIFIER = com.AugmentedReality.ARGame;
				PRODUCT_NAME = "$(TARGET_NAME)";
				SWIFT_VERSION = 5.0;
				TARGETED_DEVICE_FAMILY = "1,2";
			};
			name = Release;
		};
/* End XCBuildConfiguration section */

/* Begin XCConfigurationList section */
		692C0FBF25D21360007DB906 /* Build configuration list for PBXProject "ARGame" */ = {
			isa = XCConfigurationList;
			buildConfigurations = (
				692C0FD625D21363007DB906 /* Debug */,
				692C0FD725D21363007DB906 /* Release */,
			);
			defaultConfigurationIsVisible = 0;
			defaultConfigurationName = Release;
		};
		692C0FD825D21363007DB906 /* Build configuration list for PBXNativeTarget "ARGame" */ = {
			isa = XCConfigurationList;
			buildConfigurations = (
				692C0FD925D21363007DB906 /* Debug */,
				692C0FDA25D21363007DB906 /* Release */,
			);
			defaultConfigurationIsVisible = 0;
			defaultConfigurationName = Release;
		};
/* End XCConfigurationList section */
	};
	rootObject = 692C0FBC25D21360007DB906 /* Project object */;
}
